# arg1 = region-code (str)
region(){
  # NB uses SHELL var
  awk "\$4 ~ /$1/ {print}" 
}


active_priv(){
  awk '$2 ~ /active/ && $0 ~ /\sprivate;.*/' 
}

active_publ(){
  awk '$2 ~ /active/ && $0 ~ /\spublic;.*/' 
}

hosts(){
  awk '{gsub(/[^;]*;/,"",$8);print $8,$1}'
}

publ_ips(){
  active_publ | sed 's|.*public;\([^\ ]*\)\ .*|\1|' 
}

priv_ips(){
  active_priv | sed 's|.*private;\([^\ ]*\)\ .*|\1|' 
}

json_str_list(){
  awk '{ print "\"" $0 "\"" }' | jq -s -c "."
}
